
Microsoft Visual Studio Solution File, Format Version 12.00
# Visual Studio Version 17
VisualStudioVersion = 17.9.34728.123
MinimumVisualStudioVersion = 10.0.40219.1
Project("{FAE04EC0-301F-11D3-BF4B-00C04F79EFBC}") = "Genius_idiot_ConsoleApp", "Genius_idiot_ConsoleApp\Genius_idiot_ConsoleApp.csproj", "{60AA6075-119B-48E4-9CF3-E15596D82F75}"
EndProject
Global
	GlobalSection(SolutionConfigurationPlatforms) = preSolution
		Debug|Any CPU = Debug|Any CPU
		Release|Any CPU = Release|Any CPU
	EndGlobalSection
	GlobalSection(ProjectConfigurationPlatforms) = postSolution
		{60AA6075-119B-48E4-9CF3-E15596D82F75}.Debug|Any CPU.ActiveCfg = Debug|Any CPU
		{60AA6075-119B-48E4-9CF3-E15596D82F75}.Debug|Any CPU.Build.0 = Debug|Any CPU
		{60AA6075-119B-48E4-9CF3-E15596D82F75}.Release|Any CPU.ActiveCfg = Release|Any CPU
		{60AA6075-119B-48E4-9CF3-E15596D82F75}.Release|Any CPU.Build.0 = Release|Any CPU
	EndGlobalSection
	GlobalSection(SolutionProperties) = preSolution
		HideSolutionNode = FALSE
	EndGlobalSection
	GlobalSection(ExtensibilityGlobals) = postSolution
		SolutionGuid = {50805EAA-0424-4D86-8434-E541BA7A72D0}
	EndGlobalSection
EndGlobal
